<?xml version="1.0" encoding="UTF-8" standalone="yes" ?>
<CodeBlocks_project_file>
	<FileVersion major="1" minor="6" />
	<Project>
		<Option title="projeej" />
		<Option pch_mode="2" />
		<Option compiler="gcc" />
		<Option show_notes="0">
			<notes>
				<![CDATA[Jooj]]>
			</notes>
		</Option>
		<Build>
			<Script file="lib_finder.script" />
			<Target title="Release">
				<Option output="projeej" prefix_auto="1" extension_auto="1" />
				<Option object_output="obj/" />
				<Option type="0" />
				<Option compiler="gcc" />
				<Compiler>
					<Add option="-O2" />
				</Compiler>
				<Linker>
					<Add option="resources.o -lmingw32 -llua51 -lSDLmain -lSDL -lSDL_image -lSDL_ttf -lSDL_mixer -lSDLgfx" />
				</Linker>
			</Target>
		</Build>
		<Compiler>
			<Add option="-Wall" />
			<Add option="-fexceptions" />
		</Compiler>
		<Unit filename="base.h" />
		<Unit filename="collision.cpp" />
		<Unit filename="collision.h" />
		<Unit filename="console.cpp" />
		<Unit filename="console.h" />
		<Unit filename="definitions.h" />
		<Unit filename="effects.cpp" />
		<Unit filename="effects.h" />
		<Unit filename="imageloader.cpp" />
		<Unit filename="imageloader.h" />
		<Unit filename="keyboard.cpp" />
		<Unit filename="keyboard.h" />
		<Unit filename="logs.cpp" />
		<Unit filename="logs.h" />
		<Unit filename="luascript.cpp" />
		<Unit filename="luascript.h" />
		<Unit filename="main.cpp" />
		<Unit filename="maploader.cpp" />
		<Unit filename="maploader.h" />
		<Unit filename="objects.cpp" />
		<Unit filename="objects.h" />
		<Unit filename="particles.cpp" />
		<Unit filename="particles.h" />
		<Unit filename="polygon.cpp" />
		<Unit filename="polygon.h" />
		<Unit filename="resources.rc">
			<Option compilerVar="WINDRES" />
		</Unit>
		<Unit filename="sound.cpp" />
		<Unit filename="sound.h" />
		<Unit filename="timer.cpp" />
		<Unit filename="timer.h" />
		<Extensions>
			<code_completion />
			<envvars />
			<debugger />
			<lib_finder disable_auto="1" />
			<DoxyBlocks>
				<comment_style block="0" line="0" />
				<doxyfile_project />
				<doxyfile_build />
				<doxyfile_warnings />
				<doxyfile_output />
				<doxyfile_dot />
				<general />
			</DoxyBlocks>
		</Extensions>
	</Project>
</CodeBlocks_project_file>
